
Microsoft Visual Studio Solution File, Format Version 12.00
# Visual Studio Version 16
VisualStudioVersion = 16.0.36107.64
MinimumVisualStudioVersion = 10.0.40219.1
Project("{FAE04EC0-301F-11D3-BF4B-00C04F79EFBC}") = "Chess", "Chess\Chess.csproj", "{0FFABEB5-65FD-4A33-A04A-00A3F3B9541A}"
EndProject
Global
	GlobalSection(SolutionConfigurationPlatforms) = preSolution
		Debug|Any CPU = Debug|Any CPU
		Release|Any CPU = Release|Any CPU
	EndGlobalSection
	GlobalSection(ProjectConfigurationPlatforms) = postSolution
		{0FFABEB5-65FD-4A33-A04A-00A3F3B9541A}.Debug|Any CPU.ActiveCfg = Debug|Any CPU
		{0FFABEB5-65FD-4A33-A04A-00A3F3B9541A}.Debug|Any CPU.Build.0 = Debug|Any CPU
		{0FFABEB5-65FD-4A33-A04A-00A3F3B9541A}.Release|Any CPU.ActiveCfg = Release|Any CPU
		{0FFABEB5-65FD-4A33-A04A-00A3F3B9541A}.Release|Any CPU.Build.0 = Release|Any CPU
	EndGlobalSection
	GlobalSection(SolutionProperties) = preSolution
		HideSolutionNode = FALSE
	EndGlobalSection
	GlobalSection(ExtensibilityGlobals) = postSolution
		SolutionGuid = {DA79767F-5941-4ADF-8555-7AFEFA58CC8A}
	EndGlobalSection
EndGlobal
